
Microsoft Visual Studio Solution File, Format Version 12.00
# Visual Studio Version 17
VisualStudioVersion = 17.13.35825.156 d17.13
MinimumVisualStudioVersion = 10.0.40219.1
Project("{F184B08F-C81C-45F6-A57F-5ABD9991F28F}") = "Core", "MoodHavenJournal-Core.vbproj", "{A04793A1-350B-6A1D-CD77-86917E78AECB}"
EndProject
Global
	GlobalSection(SolutionConfigurationPlatforms) = preSolution
		Debug|Any CPU = Debug|Any CPU
		Release|Any CPU = Release|Any CPU
	EndGlobalSection
	GlobalSection(ProjectConfigurationPlatforms) = postSolution
		{A04793A1-350B-6A1D-CD77-86917E78AECB}.Debug|Any CPU.ActiveCfg = Debug|Any CPU
		{A04793A1-350B-6A1D-CD77-86917E78AECB}.Debug|Any CPU.Build.0 = Debug|Any CPU
		{A04793A1-350B-6A1D-CD77-86917E78AECB}.Release|Any CPU.ActiveCfg = Release|Any CPU
		{A04793A1-350B-6A1D-CD77-86917E78AECB}.Release|Any CPU.Build.0 = Release|Any CPU
	EndGlobalSection
	GlobalSection(SolutionProperties) = preSolution
		HideSolutionNode = FALSE
	EndGlobalSection
	GlobalSection(ExtensibilityGlobals) = postSolution
		SolutionGuid = {4770CC80-7027-4215-8CFF-9E3297A86BB8}
	EndGlobalSection
EndGlobal
